// !$*UTF8*$!
{
	archiveVersion = 1;
	classes = {
	};
	objectVersion = 46;
	objects = {

/* Begin PBXBuildFile section */
		09D960583E5B4726BF583F8C /* libPods-Wattpad Life.a in Frameworks */ = {isa = PBXBuildFile; fileRef = 85675216123C423F833FB096 /* libPods-Wattpad Life.a */; };
		8F1121E819D5AFAE00C75760 /* Constants.swift in Sources */ = {isa = PBXBuildFile; fileRef = 8F1121E719D5AFAE00C75760 /* Constants.swift */; };
		8F1121EA19D5C1F300C75760 /* CustomCollectionViewCell.swift in Sources */ = {isa = PBXBuildFile; fileRef = 8F1121E919D5C1F300C75760 /* CustomCollectionViewCell.swift */; };
		8F1121EC19D5CD8B00C75760 /* DetailUserViewController.swift in Sources */ = {isa = PBXBuildFile; fileRef = 8F1121EB19D5CD8B00C75760 /* DetailUserViewController.swift */; };
		AA80ECC719D768D400BC53EB /* RAActivityIndicatorView.swift in Sources */ = {isa = PBXBuildFile; fileRef = AA80ECC619D768D400BC53EB /* RAActivityIndicatorView.swift */; };
		FA4391D319D5AA9400CA06C4 /* AudioToolbox.framework in Frameworks */ = {isa = PBXBuildFile; fileRef = FA4391D219D5AA9400CA06C4 /* AudioToolbox.framework */; };
		FA4391D519D5AACB00CA06C4 /* CFNetwork.framework in Frameworks */ = {isa = PBXBuildFile; fileRef = FA4391D419D5AACB00CA06C4 /* CFNetwork.framework */; };
		FA4391D719D5AAD000CA06C4 /* CoreGraphics.framework in Frameworks */ = {isa = PBXBuildFile; fileRef = FA4391D619D5AAD000CA06C4 /* CoreGraphics.framework */; };
		FA4391D919D5AAD400CA06C4 /* CoreLocation.framework in Frameworks */ = {isa = PBXBuildFile; fileRef = FA4391D819D5AAD400CA06C4 /* CoreLocation.framework */; };
		FA4391DB19D5AADB00CA06C4 /* libz.dylib in Frameworks */ = {isa = PBXBuildFile; fileRef = FA4391DA19D5AADB00CA06C4 /* libz.dylib */; };
		FA4391DD19D5AAE100CA06C4 /* MobileCoreServices.framework in Frameworks */ = {isa = PBXBuildFile; fileRef = FA4391DC19D5AAE100CA06C4 /* MobileCoreServices.framework */; };
		FA4391DF19D5AAE700CA06C4 /* QuartzCore.framework in Frameworks */ = {isa = PBXBuildFile; fileRef = FA4391DE19D5AAE700CA06C4 /* QuartzCore.framework */; };
		FA4391E119D5AAEB00CA06C4 /* Security.framework in Frameworks */ = {isa = PBXBuildFile; fileRef = FA4391E019D5AAEB00CA06C4 /* Security.framework */; };
		FA4391E319D5AAEF00CA06C4 /* StoreKit.framework in Frameworks */ = {isa = PBXBuildFile; fileRef = FA4391E219D5AAEF00CA06C4 /* StoreKit.framework */; };
		FA4391E519D5AAF700CA06C4 /* SystemConfiguration.framework in Frameworks */ = {isa = PBXBuildFile; fileRef = FA4391E419D5AAF700CA06C4 /* SystemConfiguration.framework */; };
		FA4391E819D5DA5F00CA06C4 /* People.swift in Sources */ = {isa = PBXBuildFile; fileRef = FA4391E719D5DA5F00CA06C4 /* People.swift */; };
		FADDD6DF19D491DA003EC88D /* AppDelegate.swift in Sources */ = {isa = PBXBuildFile; fileRef = FADDD6DE19D491DA003EC88D /* AppDelegate.swift */; };
		FADDD6E619D491DA003EC88D /* Images.xcassets in Resources */ = {isa = PBXBuildFile; fileRef = FADDD6E519D491DA003EC88D /* Images.xcassets */; };
		FADDD6F519D491DA003EC88D /* Wattpad_LifeTests.swift in Sources */ = {isa = PBXBuildFile; fileRef = FADDD6F419D491DA003EC88D /* Wattpad_LifeTests.swift */; };
		FADDD70019D49238003EC88D /* Extension.swift in Sources */ = {isa = PBXBuildFile; fileRef = FADDD6FF19D49238003EC88D /* Extension.swift */; };
		FADDD71919D49DBB003EC88D /* MainViewController.swift in Sources */ = {isa = PBXBuildFile; fileRef = FADDD71819D49DBB003EC88D /* MainViewController.swift */; };
		FADDD71C19D49E08003EC88D /* Main.storyboard in Resources */ = {isa = PBXBuildFile; fileRef = FADDD71E19D49E08003EC88D /* Main.storyboard */; };
/* End PBXBuildFile section */

/* Begin PBXContainerItemProxy section */
		FADDD6EF19D491DA003EC88D /* PBXContainerItemProxy */ = {
			isa = PBXContainerItemProxy;
			containerPortal = FADDD6D119D491DA003EC88D /* Project object */;
			proxyType = 1;
			remoteGlobalIDString = FADDD6D819D491DA003EC88D;
			remoteInfo = "Wattpad Life";
		};
/* End PBXContainerItemProxy section */

/* Begin PBXFileReference section */
		85675216123C423F833FB096 /* libPods-Wattpad Life.a */ = {isa = PBXFileReference; explicitFileType = archive.ar; includeInIndex = 0; path = "libPods-Wattpad Life.a"; sourceTree = BUILT_PRODUCTS_DIR; };
		8F1121E319D5AECA00C75760 /* Wattpad Life-Bridging-Header.h */ = {isa = PBXFileReference; lastKnownFileType = sourcecode.c.h; path = "Wattpad Life-Bridging-Header.h"; sourceTree = "<group>"; };
		8F1121E719D5AFAE00C75760 /* Constants.swift */ = {isa = PBXFileReference; fileEncoding = 4; lastKnownFileType = sourcecode.swift; path = Constants.swift; sourceTree = "<group>"; };
		8F1121E919D5C1F300C75760 /* CustomCollectionViewCell.swift */ = {isa = PBXFileReference; fileEncoding = 4; lastKnownFileType = sourcecode.swift; path = CustomCollectionViewCell.swift; sourceTree = "<group>"; };
		8F1121EB19D5CD8B00C75760 /* DetailUserViewController.swift */ = {isa = PBXFileReference; fileEncoding = 4; lastKnownFileType = sourcecode.swift; path = DetailUserViewController.swift; sourceTree = "<group>"; };
		936C59DDA5D643E29D9D83A5 /* Pods-Wattpad Life.xcconfig */ = {isa = PBXFileReference; includeInIndex = 1; lastKnownFileType = text.xcconfig; name = "Pods-Wattpad Life.xcconfig"; path = "Pods/Pods-Wattpad Life.xcconfig"; sourceTree = "<group>"; };
		AA80ECC619D768D400BC53EB /* RAActivityIndicatorView.swift */ = {isa = PBXFileReference; fileEncoding = 4; lastKnownFileType = sourcecode.swift; path = RAActivityIndicatorView.swift; sourceTree = "<group>"; };
		FA4391D219D5AA9400CA06C4 /* AudioToolbox.framework */ = {isa = PBXFileReference; lastKnownFileType = wrapper.framework; name = AudioToolbox.framework; path = System/Library/Frameworks/AudioToolbox.framework; sourceTree = SDKROOT; };
		FA4391D419D5AACB00CA06C4 /* CFNetwork.framework */ = {isa = PBXFileReference; lastKnownFileType = wrapper.framework; name = CFNetwork.framework; path = System/Library/Frameworks/CFNetwork.framework; sourceTree = SDKROOT; };
		FA4391D619D5AAD000CA06C4 /* CoreGraphics.framework */ = {isa = PBXFileReference; lastKnownFileType = wrapper.framework; name = CoreGraphics.framework; path = System/Library/Frameworks/CoreGraphics.framework; sourceTree = SDKROOT; };
		FA4391D819D5AAD400CA06C4 /* CoreLocation.framework */ = {isa = PBXFileReference; lastKnownFileType = wrapper.framework; name = CoreLocation.framework; path = System/Library/Frameworks/CoreLocation.framework; sourceTree = SDKROOT; };
		FA4391DA19D5AADB00CA06C4 /* libz.dylib */ = {isa = PBXFileReference; lastKnownFileType = "compiled.mach-o.dylib"; name = libz.dylib; path = usr/lib/libz.dylib; sourceTree = SDKROOT; };
		FA4391DC19D5AAE100CA06C4 /* MobileCoreServices.framework */ = {isa = PBXFileReference; lastKnownFileType = wrapper.framework; name = MobileCoreServices.framework; path = System/Library/Frameworks/MobileCoreServices.framework; sourceTree = SDKROOT; };
		FA4391DE19D5AAE700CA06C4 /* QuartzCore.framework */ = {isa = PBXFileReference; lastKnownFileType = wrapper.framework; name = QuartzCore.framework; path = System/Library/Frameworks/QuartzCore.framework; sourceTree = SDKROOT; };
		FA4391E019D5AAEB00CA06C4 /* Security.framework */ = {isa = PBXFileReference; lastKnownFileType = wrapper.framework; name = Security.framework; path = System/Library/Frameworks/Security.framework; sourceTree = SDKROOT; };
		FA4391E219D5AAEF00CA06C4 /* StoreKit.framework */ = {isa = PBXFileReference; lastKnownFileType = wrapper.framework; name = StoreKit.framework; path = System/Library/Frameworks/StoreKit.framework; sourceTree = SDKROOT; };
		FA4391E419D5AAF700CA06C4 /* SystemConfiguration.framework */ = {isa = PBXFileReference; lastKnownFileType = wrapper.framework; name = SystemConfiguration.framework; path = System/Library/Frameworks/SystemConfiguration.framework; sourceTree = SDKROOT; };
		FA4391E719D5DA5F00CA06C4 /* People.swift */ = {isa = PBXFileReference; fileEncoding = 4; lastKnownFileType = sourcecode.swift; path = People.swift; sourceTree = "<group>"; };
		FADDD6D919D491DA003EC88D /* Wattpad Life.app */ = {isa = PBXFileReference; explicitFileType = wrapper.application; includeInIndex = 0; path = "Wattpad Life.app"; sourceTree = BUILT_PRODUCTS_DIR; };
		FADDD6DD19D491DA003EC88D /* Info.plist */ = {isa = PBXFileReference; lastKnownFileType = text.plist.xml; path = Info.plist; sourceTree = "<group>"; };
		FADDD6DE19D491DA003EC88D /* AppDelegate.swift */ = {isa = PBXFileReference; lastKnownFileType = sourcecode.swift; path = AppDelegate.swift; sourceTree = "<group>"; };
		FADDD6E519D491DA003EC88D /* Images.xcassets */ = {isa = PBXFileReference; lastKnownFileType = folder.assetcatalog; path = Images.xcassets; sourceTree = "<group>"; };
		FADDD6EE19D491DA003EC88D /* Wattpad LifeTests.xctest */ = {isa = PBXFileReference; explicitFileType = wrapper.cfbundle; includeInIndex = 0; path = "Wattpad LifeTests.xctest"; sourceTree = BUILT_PRODUCTS_DIR; };
		FADDD6F319D491DA003EC88D /* Info.plist */ = {isa = PBXFileReference; lastKnownFileType = text.plist.xml; path = Info.plist; sourceTree = "<group>"; };
		FADDD6F419D491DA003EC88D /* Wattpad_LifeTests.swift */ = {isa = PBXFileReference; lastKnownFileType = sourcecode.swift; path = Wattpad_LifeTests.swift; sourceTree = "<group>"; };
		FADDD6FF19D49238003EC88D /* Extension.swift */ = {isa = PBXFileReference; fileEncoding = 4; lastKnownFileType = sourcecode.swift; path = Extension.swift; sourceTree = "<group>"; };
		FADDD71819D49DBB003EC88D /* MainViewController.swift */ = {isa = PBXFileReference; fileEncoding = 4; lastKnownFileType = sourcecode.swift; path = MainViewController.swift; sourceTree = "<group>"; };
		FADDD71D19D49E08003EC88D /* Base */ = {isa = PBXFileReference; lastKnownFileType = file.storyboard; name = Base; path = Base.lproj/Main.storyboard; sourceTree = "<group>"; };
/* End PBXFileReference section */

/* Begin PBXFrameworksBuildPhase section */
		FADDD6D619D491DA003EC88D /* Frameworks */ = {
			isa = PBXFrameworksBuildPhase;
			buildActionMask = 2147483647;
			files = (
				FA4391E519D5AAF700CA06C4 /* SystemConfiguration.framework in Frameworks */,
				FA4391E319D5AAEF00CA06C4 /* StoreKit.framework in Frameworks */,
				FA4391E119D5AAEB00CA06C4 /* Security.framework in Frameworks */,
				FA4391DF19D5AAE700CA06C4 /* QuartzCore.framework in Frameworks */,
				FA4391DD19D5AAE100CA06C4 /* MobileCoreServices.framework in Frameworks */,
				FA4391DB19D5AADB00CA06C4 /* libz.dylib in Frameworks */,
				FA4391D919D5AAD400CA06C4 /* CoreLocation.framework in Frameworks */,
				FA4391D719D5AAD000CA06C4 /* CoreGraphics.framework in Frameworks */,
				FA4391D519D5AACB00CA06C4 /* CFNetwork.framework in Frameworks */,
				FA4391D319D5AA9400CA06C4 /* AudioToolbox.framework in Frameworks */,
				09D960583E5B4726BF583F8C /* libPods-Wattpad Life.a in Frameworks */,
			);
			runOnlyForDeploymentPostprocessing = 0;
		};
		FADDD6EB19D491DA003EC88D /* Frameworks */ = {
			isa = PBXFrameworksBuildPhase;
			buildActionMask = 2147483647;
			files = (
			);
			runOnlyForDeploymentPostprocessing = 0;
		};
/* End PBXFrameworksBuildPhase section */

/* Begin PBXGroup section */
		2F9B46C6A92F455AA4C1DE70 /* Frameworks */ = {
			isa = PBXGroup;
			children = (
				FA4391E419D5AAF700CA06C4 /* SystemConfiguration.framework */,
				FA4391E219D5AAEF00CA06C4 /* StoreKit.framework */,
				FA4391E019D5AAEB00CA06C4 /* Security.framework */,
				FA4391DE19D5AAE700CA06C4 /* QuartzCore.framework */,
				FA4391DC19D5AAE100CA06C4 /* MobileCoreServices.framework */,
				FA4391DA19D5AADB00CA06C4 /* libz.dylib */,
				FA4391D819D5AAD400CA06C4 /* CoreLocation.framework */,
				FA4391D619D5AAD000CA06C4 /* CoreGraphics.framework */,
				FA4391D419D5AACB00CA06C4 /* CFNetwork.framework */,
				FA4391D219D5AA9400CA06C4 /* AudioToolbox.framework */,
				85675216123C423F833FB096 /* libPods-Wattpad Life.a */,
			);
			name = Frameworks;
			sourceTree = "<group>";
		};
		8F1121E619D5AFA400C75760 /* Constants */ = {
			isa = PBXGroup;
			children = (
				8F1121E719D5AFAE00C75760 /* Constants.swift */,
			);
			path = Constants;
			sourceTree = "<group>";
		};
		FA4391E619D5DA4E00CA06C4 /* Model */ = {
			isa = PBXGroup;
			children = (
				FA4391E719D5DA5F00CA06C4 /* People.swift */,
				AA80ECC619D768D400BC53EB /* RAActivityIndicatorView.swift */,
			);
			path = Model;
			sourceTree = "<group>";
		};
		FADDD6D019D491DA003EC88D = {
			isa = PBXGroup;
			children = (
				FADDD6DB19D491DA003EC88D /* Wattpad Life */,
				FADDD6F119D491DA003EC88D /* Wattpad LifeTests */,
				FADDD6DA19D491DA003EC88D /* Products */,
				936C59DDA5D643E29D9D83A5 /* Pods-Wattpad Life.xcconfig */,
				2F9B46C6A92F455AA4C1DE70 /* Frameworks */,
			);
			sourceTree = "<group>";
		};
		FADDD6DA19D491DA003EC88D /* Products */ = {
			isa = PBXGroup;
			children = (
				FADDD6D919D491DA003EC88D /* Wattpad Life.app */,
				FADDD6EE19D491DA003EC88D /* Wattpad LifeTests.xctest */,
			);
			name = Products;
			sourceTree = "<group>";
		};
		FADDD6DB19D491DA003EC88D /* Wattpad Life */ = {
			isa = PBXGroup;
			children = (
				FADDD6DE19D491DA003EC88D /* AppDelegate.swift */,
				FADDD6E519D491DA003EC88D /* Images.xcassets */,
				FA4391E619D5DA4E00CA06C4 /* Model */,
				8F1121E619D5AFA400C75760 /* Constants */,
				FADDD6FE19D49213003EC88D /* Extension */,
				FADDD71719D49DBB003EC88D /* Controller */,
				FADDD6DC19D491DA003EC88D /* Supporting Files */,
				8F1121E319D5AECA00C75760 /* Wattpad Life-Bridging-Header.h */,
			);
			path = "Wattpad Life";
			sourceTree = "<group>";
		};
		FADDD6DC19D491DA003EC88D /* Supporting Files */ = {
			isa = PBXGroup;
			children = (
				FADDD6DD19D491DA003EC88D /* Info.plist */,
			);
			name = "Supporting Files";
			sourceTree = "<group>";
		};
		FADDD6F119D491DA003EC88D /* Wattpad LifeTests */ = {
			isa = PBXGroup;
			children = (
				FADDD6F419D491DA003EC88D /* Wattpad_LifeTests.swift */,
				FADDD6F219D491DA003EC88D /* Supporting Files */,
			);
			path = "Wattpad LifeTests";
			sourceTree = "<group>";
		};
		FADDD6F219D491DA003EC88D /* Supporting Files */ = {
			isa = PBXGroup;
			children = (
				FADDD6F319D491DA003EC88D /* Info.plist */,
			);
			name = "Supporting Files";
			sourceTree = "<group>";
		};
		FADDD6FE19D49213003EC88D /* Extension */ = {
			isa = PBXGroup;
			children = (
				FADDD6FF19D49238003EC88D /* Extension.swift */,
			);
			path = Extension;
			sourceTree = "<group>";
		};
		FADDD71719D49DBB003EC88D /* Controller */ = {
			isa = PBXGroup;
			children = (
				FADDD71E19D49E08003EC88D /* Main.storyboard */,
				FADDD71819D49DBB003EC88D /* MainViewController.swift */,
				8F1121E919D5C1F300C75760 /* CustomCollectionViewCell.swift */,
				8F1121EB19D5CD8B00C75760 /* DetailUserViewController.swift */,
			);
			path = Controller;
			sourceTree = "<group>";
		};
/* End PBXGroup section */

/* Begin PBXNativeTarget section */
		FADDD6D819D491DA003EC88D /* Wattpad Life */ = {
			isa = PBXNativeTarget;
			buildConfigurationList = FADDD6F819D491DA003EC88D /* Build configuration list for PBXNativeTarget "Wattpad Life" */;
			buildPhases = (
				2BF04415B903443CA2B3D7F9 /* Check Pods Manifest.lock */,
				FADDD6D519D491DA003EC88D /* Sources */,
				FADDD6D619D491DA003EC88D /* Frameworks */,
				FADDD6D719D491DA003EC88D /* Resources */,
				2B4A708A4309457D9C8D1238 /* Copy Pods Resources */,
			);
			buildRules = (
			);
			dependencies = (
			);
			name = "Wattpad Life";
			productName = "Wattpad Life";
			productReference = FADDD6D919D491DA003EC88D /* Wattpad Life.app */;
			productType = "com.apple.product-type.application";
		};
		FADDD6ED19D491DA003EC88D /* Wattpad LifeTests */ = {
			isa = PBXNativeTarget;
			buildConfigurationList = FADDD6FB19D491DA003EC88D /* Build configuration list for PBXNativeTarget "Wattpad LifeTests" */;
			buildPhases = (
				FADDD6EA19D491DA003EC88D /* Sources */,
				FADDD6EB19D491DA003EC88D /* Frameworks */,
				FADDD6EC19D491DA003EC88D /* Resources */,
			);
			buildRules = (
			);
			dependencies = (
				FADDD6F019D491DA003EC88D /* PBXTargetDependency */,
			);
			name = "Wattpad LifeTests";
			productName = "Wattpad LifeTests";
			productReference = FADDD6EE19D491DA003EC88D /* Wattpad LifeTests.xctest */;
			productType = "com.apple.product-type.bundle.unit-test";
		};
/* End PBXNativeTarget section */

/* Begin PBXProject section */
		FADDD6D119D491DA003EC88D /* Project object */ = {
			isa = PBXProject;
			attributes = {
				LastUpgradeCheck = 0600;
				ORGANIZATIONNAME = HonghaoZ;
				TargetAttributes = {
					FADDD6D819D491DA003EC88D = {
						CreatedOnToolsVersion = 6.0;
					};
					FADDD6ED19D491DA003EC88D = {
						CreatedOnToolsVersion = 6.0;
						TestTargetID = FADDD6D819D491DA003EC88D;
					};
				};
			};
			buildConfigurationList = FADDD6D419D491DA003EC88D /* Build configuration list for PBXProject "Wattpad Life" */;
			compatibilityVersion = "Xcode 3.2";
			developmentRegion = English;
			hasScannedForEncodings = 0;
			knownRegions = (
				en,
				Base,
			);
			mainGroup = FADDD6D019D491DA003EC88D;
			productRefGroup = FADDD6DA19D491DA003EC88D /* Products */;
			projectDirPath = "";
			projectRoot = "";
			targets = (
				FADDD6D819D491DA003EC88D /* Wattpad Life */,
				FADDD6ED19D491DA003EC88D /* Wattpad LifeTests */,
			);
		};
/* End PBXProject section */

/* Begin PBXResourcesBuildPhase section */
		FADDD6D719D491DA003EC88D /* Resources */ = {
			isa = PBXResourcesBuildPhase;
			buildActionMask = 2147483647;
			files = (
				FADDD71C19D49E08003EC88D /* Main.storyboard in Resources */,
				FADDD6E619D491DA003EC88D /* Images.xcassets in Resources */,
			);
			runOnlyForDeploymentPostprocessing = 0;
		};
		FADDD6EC19D491DA003EC88D /* Resources */ = {
			isa = PBXResourcesBuildPhase;
			buildActionMask = 2147483647;
			files = (
			);
			runOnlyForDeploymentPostprocessing = 0;
		};
/* End PBXResourcesBuildPhase section */

/* Begin PBXShellScriptBuildPhase section */
		2B4A708A4309457D9C8D1238 /* Copy Pods Resources */ = {
			isa = PBXShellScriptBuildPhase;
			buildActionMask = 2147483647;
			files = (
			);
			inputPaths = (
			);
			name = "Copy Pods Resources";
			outputPaths = (
			);
			runOnlyForDeploymentPostprocessing = 0;
			shellPath = /bin/sh;
			shellScript = "\"${SRCROOT}/Pods/Pods-Wattpad Life-resources.sh\"\n";
			showEnvVarsInLog = 0;
		};
		2BF04415B903443CA2B3D7F9 /* Check Pods Manifest.lock */ = {
			isa = PBXShellScriptBuildPhase;
			buildActionMask = 2147483647;
			files = (
			);
			inputPaths = (
			);
			name = "Check Pods Manifest.lock";
			outputPaths = (
			);
			runOnlyForDeploymentPostprocessing = 0;
			shellPath = /bin/sh;
			shellScript = "diff \"${PODS_ROOT}/../Podfile.lock\" \"${PODS_ROOT}/Manifest.lock\" > /dev/null\nif [[ $? != 0 ]] ; then\n    cat << EOM\nerror: The sandbox is not in sync with the Podfile.lock. Run 'pod install' or update your CocoaPods installation.\nEOM\n    exit 1\nfi\n";
			showEnvVarsInLog = 0;
		};
/* End PBXShellScriptBuildPhase section */

/* Begin PBXSourcesBuildPhase section */
		FADDD6D519D491DA003EC88D /* Sources */ = {
			isa = PBXSourcesBuildPhase;
			buildActionMask = 2147483647;
			files = (
				AA80ECC719D768D400BC53EB /* RAActivityIndicatorView.swift in Sources */,
				8F1121E819D5AFAE00C75760 /* Constants.swift in Sources */,
				8F1121EA19D5C1F300C75760 /* CustomCollectionViewCell.swift in Sources */,
				FADDD71919D49DBB003EC88D /* MainViewController.swift in Sources */,
				FADDD70019D49238003EC88D /* Extension.swift in Sources */,
				8F1121EC19D5CD8B00C75760 /* DetailUserViewController.swift in Sources */,
				FADDD6DF19D491DA003EC88D /* AppDelegate.swift in Sources */,
				FA4391E819D5DA5F00CA06C4 /* People.swift in Sources */,
			);
			runOnlyForDeploymentPostprocessing = 0;
		};
		FADDD6EA19D491DA003EC88D /* Sources */ = {
			isa = PBXSourcesBuildPhase;
			buildActionMask = 2147483647;
			files = (
				FADDD6F519D491DA003EC88D /* Wattpad_LifeTests.swift in Sources */,
			);
			runOnlyForDeploymentPostprocessing = 0;
		};
/* End PBXSourcesBuildPhase section */

/* Begin PBXTargetDependency section */
		FADDD6F019D491DA003EC88D /* PBXTargetDependency */ = {
			isa = PBXTargetDependency;
			target = FADDD6D819D491DA003EC88D /* Wattpad Life */;
			targetProxy = FADDD6EF19D491DA003EC88D /* PBXContainerItemProxy */;
		};
/* End PBXTargetDependency section */

/* Begin PBXVariantGroup section */
		FADDD71E19D49E08003EC88D /* Main.storyboard */ = {
			isa = PBXVariantGroup;
			children = (
				FADDD71D19D49E08003EC88D /* Base */,
			);
			name = Main.storyboard;
			sourceTree = "<group>";
		};
/* End PBXVariantGroup section */

/* Begin XCBuildConfiguration section */
		FADDD6F619D491DA003EC88D /* Debug */ = {
			isa = XCBuildConfiguration;
			buildSettings = {
				ALWAYS_SEARCH_USER_PATHS = NO;
				CLANG_CXX_LANGUAGE_STANDARD = "gnu++0x";
				CLANG_CXX_LIBRARY = "libc++";
				CLANG_ENABLE_MODULES = YES;
				CLANG_ENABLE_OBJC_ARC = YES;
				CLANG_WARN_BOOL_CONVERSION = YES;
				CLANG_WARN_CONSTANT_CONVERSION = YES;
				CLANG_WARN_DIRECT_OBJC_ISA_USAGE = YES_ERROR;
				CLANG_WARN_EMPTY_BODY = YES;
				CLANG_WARN_ENUM_CONVERSION = YES;
				CLANG_WARN_INT_CONVERSION = YES;
				CLANG_WARN_OBJC_ROOT_CLASS = YES_ERROR;
				CLANG_WARN_UNREACHABLE_CODE = YES;
				CLANG_WARN__DUPLICATE_METHOD_MATCH = YES;
				"CODE_SIGN_IDENTITY[sdk=iphoneos*]" = "iPhone Developer";
				COPY_PHASE_STRIP = NO;
				ENABLE_STRICT_OBJC_MSGSEND = YES;
				GCC_C_LANGUAGE_STANDARD = gnu99;
				GCC_DYNAMIC_NO_PIC = NO;
				GCC_OPTIMIZATION_LEVEL = 0;
				GCC_PREPROCESSOR_DEFINITIONS = (
					"DEBUG=1",
					"$(inherited)",
				);
				GCC_SYMBOLS_PRIVATE_EXTERN = NO;
				GCC_WARN_64_TO_32_BIT_CONVERSION = YES;
				GCC_WARN_ABOUT_RETURN_TYPE = YES_ERROR;
				GCC_WARN_UNDECLARED_SELECTOR = YES;
				GCC_WARN_UNINITIALIZED_AUTOS = YES_AGGRESSIVE;
				GCC_WARN_UNUSED_FUNCTION = YES;
				GCC_WARN_UNUSED_VARIABLE = YES;
				IPHONEOS_DEPLOYMENT_TARGET = 8.0;
				MTL_ENABLE_DEBUG_INFO = YES;
				ONLY_ACTIVE_ARCH = YES;
				SDKROOT = iphoneos;
				SWIFT_OPTIMIZATION_LEVEL = "-Onone";
				TARGETED_DEVICE_FAMILY = "1,2";
			};
			name = Debug;
		};
		FADDD6F719D491DA003EC88D /* Release */ = {
			isa = XCBuildConfiguration;
			buildSettings = {
				ALWAYS_SEARCH_USER_PATHS = NO;
				CLANG_CXX_LANGUAGE_STANDARD = "gnu++0x";
				CLANG_CXX_LIBRARY = "libc++";
				CLANG_ENABLE_MODULES = YES;
				CLANG_ENABLE_OBJC_ARC = YES;
				CLANG_WARN_BOOL_CONVERSION = YES;
				CLANG_WARN_CONSTANT_CONVERSION = YES;
				CLANG_WARN_DIRECT_OBJC_ISA_USAGE = YES_ERROR;
				CLANG_WARN_EMPTY_BODY = YES;
				CLANG_WARN_ENUM_CONVERSION = YES;
				CLANG_WARN_INT_CONVERSION = YES;
				CLANG_WARN_OBJC_ROOT_CLASS = YES_ERROR;
				CLANG_WARN_UNREACHABLE_CODE = YES;
				CLANG_WARN__DUPLICATE_METHOD_MATCH = YES;
				"CODE_SIGN_IDENTITY[sdk=iphoneos*]" = "iPhone Developer";
				COPY_PHASE_STRIP = YES;
				ENABLE_NS_ASSERTIONS = NO;
				ENABLE_STRICT_OBJC_MSGSEND = YES;
				GCC_C_LANGUAGE_STANDARD = gnu99;
				GCC_WARN_64_TO_32_BIT_CONVERSION = YES;
				GCC_WARN_ABOUT_RETURN_TYPE = YES_ERROR;
				GCC_WARN_UNDECLARED_SELECTOR = YES;
				GCC_WARN_UNINITIALIZED_AUTOS = YES_AGGRESSIVE;
				GCC_WARN_UNUSED_FUNCTION = YES;
				GCC_WARN_UNUSED_VARIABLE = YES;
				IPHONEOS_DEPLOYMENT_TARGET = 8.0;
				MTL_ENABLE_DEBUG_INFO = NO;
				SDKROOT = iphoneos;
				TARGETED_DEVICE_FAMILY = "1,2";
				VALIDATE_PRODUCT = YES;
			};
			name = Release;
		};
		FADDD6F919D491DA003EC88D /* Debug */ = {
			isa = XCBuildConfiguration;
			baseConfigurationReference = 936C59DDA5D643E29D9D83A5 /* Pods-Wattpad Life.xcconfig */;
			buildSettings = {
				ASSETCATALOG_COMPILER_APPICON_NAME = AppIcon;
				ASSETCATALOG_COMPILER_LAUNCHIMAGE_NAME = LaunchImage;
				CLANG_ENABLE_MODULES = YES;
				INFOPLIST_FILE = "Wattpad Life/Info.plist";
				IPHONEOS_DEPLOYMENT_TARGET = 7.0;
				LD_RUNPATH_SEARCH_PATHS = "$(inherited) @executable_path/Frameworks";
				PRODUCT_NAME = "$(TARGET_NAME)";
				SWIFT_OBJC_BRIDGING_HEADER = "Wattpad Life/Wattpad Life-Bridging-Header.h";
				SWIFT_OPTIMIZATION_LEVEL = "-Onone";
			};
			name = Debug;
		};
		FADDD6FA19D491DA003EC88D /* Release */ = {
			isa = XCBuildConfiguration;
			baseConfigurationReference = 936C59DDA5D643E29D9D83A5 /* Pods-Wattpad Life.xcconfig */;
			buildSettings = {
				ASSETCATALOG_COMPILER_APPICON_NAME = AppIcon;
				ASSETCATALOG_COMPILER_LAUNCHIMAGE_NAME = LaunchImage;
				CLANG_ENABLE_MODULES = YES;
				INFOPLIST_FILE = "Wattpad Life/Info.plist";
				IPHONEOS_DEPLOYMENT_TARGET = 7.0;
				LD_RUNPATH_SEARCH_PATHS = "$(inherited) @executable_path/Frameworks";
				PRODUCT_NAME = "$(TARGET_NAME)";
				SWIFT_OBJC_BRIDGING_HEADER = "Wattpad Life/Wattpad Life-Bridging-Header.h";
			};
			name = Release;
		};
		FADDD6FC19D491DA003EC88D /* Debug */ = {
			isa = XCBuildConfiguration;
			buildSettings = {
				BUNDLE_LOADER = "$(TEST_HOST)";
				FRAMEWORK_SEARCH_PATHS = (
					"$(SDKROOT)/Developer/Library/Frameworks",
					"$(inherited)",
				);
				GCC_PREPROCESSOR_DEFINITIONS = (
					"DEBUG=1",
					"$(inherited)",
				);
				INFOPLIST_FILE = "Wattpad LifeTests/Info.plist";
				LD_RUNPATH_SEARCH_PATHS = "$(inherited) @executable_path/Frameworks @loader_path/Frameworks";
				PRODUCT_NAME = "$(TARGET_NAME)";
				TEST_HOST = "$(BUILT_PRODUCTS_DIR)/Wattpad Life.app/Wattpad Life";
			};
			name = Debug;
		};
		FADDD6FD19D491DA003EC88D /* Release */ = {
			isa = XCBuildConfiguration;
			buildSettings = {
				BUNDLE_LOADER = "$(TEST_HOST)";
				FRAMEWORK_SEARCH_PATHS = (
					"$(SDKROOT)/Developer/Library/Frameworks",
					"$(inherited)",
				);
				INFOPLIST_FILE = "Wattpad LifeTests/Info.plist";
				LD_RUNPATH_SEARCH_PATHS = "$(inherited) @executable_path/Frameworks @loader_path/Frameworks";
				PRODUCT_NAME = "$(TARGET_NAME)";
				TEST_HOST = "$(BUILT_PRODUCTS_DIR)/Wattpad Life.app/Wattpad Life";
			};
			name = Release;
		};
/* End XCBuildConfiguration section */

/* Begin XCConfigurationList section */
		FADDD6D419D491DA003EC88D /* Build configuration list for PBXProject "Wattpad Life" */ = {
			isa = XCConfigurationList;
			buildConfigurations = (
				FADDD6F619D491DA003EC88D /* Debug */,
				FADDD6F719D491DA003EC88D /* Release */,
			);
			defaultConfigurationIsVisible = 0;
			defaultConfigurationName = Release;
		};
		FADDD6F819D491DA003EC88D /* Build configuration list for PBXNativeTarget "Wattpad Life" */ = {
			isa = XCConfigurationList;
			buildConfigurations = (
				FADDD6F919D491DA003EC88D /* Debug */,
				FADDD6FA19D491DA003EC88D /* Release */,
			);
			defaultConfigurationIsVisible = 0;
			defaultConfigurationName = Release;
		};
		FADDD6FB19D491DA003EC88D /* Build configuration list for PBXNativeTarget "Wattpad LifeTests" */ = {
			isa = XCConfigurationList;
			buildConfigurations = (
				FADDD6FC19D491DA003EC88D /* Debug */,
				FADDD6FD19D491DA003EC88D /* Release */,
			);
			defaultConfigurationIsVisible = 0;
			defaultConfigurationName = Release;
		};
/* End XCConfigurationList section */
	};
	rootObject = FADDD6D119D491DA003EC88D /* Project object */;
}
